
Microsoft Visual Studio Solution File, Format Version 12.00
# Visual Studio Version 16
VisualStudioVersion = 16.0.30413.136
MinimumVisualStudioVersion = 10.0.40219.1
Project("{2150E333-8FDC-42A3-9474-1A3956D46DE8}") = "Source", "Source", "{AB7E6394-7E99-4D10-9BF6-21F4B117DA16}"
EndProject
Project("{2150E333-8FDC-42A3-9474-1A3956D46DE8}") = "Benchmarks", "Benchmarks", "{3367D8AA-090C-4A1A-8E43-7CDAF10B6EBF}"
EndProject
Project("{2150E333-8FDC-42A3-9474-1A3956D46DE8}") = "Documents", "Documents", "{74ABFDA9-A057-490F-A2A1-C33F50B8FEC3}"
EndProject
Project("{2150E333-8FDC-42A3-9474-1A3956D46DE8}") = "Samples", "Samples", "{31C97020-812B-4CFC-AB49-3A8177B2D4C6}"
EndProject
Project("{2150E333-8FDC-42A3-9474-1A3956D46DE8}") = "Common", "Common", "{B0D03FCE-3371-4AAF-9EA6-8A3E9607174A}"
EndProject
Project("{2150E333-8FDC-42A3-9474-1A3956D46DE8}") = "Core", "Core", "{4D553B18-0916-4206-9475-4846CDC45071}"
EndProject
Project("{2150E333-8FDC-42A3-9474-1A3956D46DE8}") = "Data", "Data", "{08619110-BD15-4F69-B960-29BB7D4D55CF}"
EndProject
Project("{2150E333-8FDC-42A3-9474-1A3956D46DE8}") = "Infrastructure", "Infrastructure", "{461658B4-D65A-4A21-979A-290019CC3971}"
EndProject
Project("{2150E333-8FDC-42A3-9474-1A3956D46DE8}") = "Services", "Services", "{23EA4C15-A186-4D50-B292-E841FF49929F}"
EndProject
Project("{9A19103F-16F7-4668-BE54-9A1E7A4F7556}") = "Ural.Core", "Source\Core\Ural.Core\Ural.Core.csproj", "{C37A6BAD-447C-4704-8D28-BE21039129CB}"
EndProject
Project("{9A19103F-16F7-4668-BE54-9A1E7A4F7556}") = "Ural.Data.Helpers", "Source\Data\Ural.Data.Helpers\Ural.Data.Helpers.csproj", "{6C84AA14-7DE9-455B-8A12-3FB3DDDBD111}"
EndProject
Project("{9A19103F-16F7-4668-BE54-9A1E7A4F7556}") = "Ural.Infrastructure.GenericMsSqlRepository", "Source\Infrastructure\Ural.Infrastructure.GenericMsSqlRepository\Ural.Infrastructure.GenericMsSqlRepository.csproj", "{5A6971CF-0C09-4E8B-8F69-E552CC3600A3}"
EndProject
Project("{9A19103F-16F7-4668-BE54-9A1E7A4F7556}") = "Ural.Infrastructure.GenericMySqlRepository", "Source\Infrastructure\Ural.Infrastructure.GenericMySqlRepository\Ural.Infrastructure.GenericMySqlRepository.csproj", "{620AF29A-684D-417D-A004-8F761B44671C}"
EndProject
Project("{9A19103F-16F7-4668-BE54-9A1E7A4F7556}") = "Ural.Infrastructure.GenericPostgreSqlRepository", "Source\Infrastructure\Ural.Infrastructure.GenericPostgreSqlRepository\Ural.Infrastructure.GenericPostgreSqlRepository.csproj", "{F88D2620-6D35-4B67-90D0-F86296FDEB7E}"
EndProject
Project("{9A19103F-16F7-4668-BE54-9A1E7A4F7556}") = "Ural.EntityServices.GenericMsSqlEntityService", "Source\Services\Ural.EntityServices.GenericMsSqlEntityService\Ural.EntityServices.GenericMsSqlEntityService.csproj", "{7CC6BC6A-0F12-4096-B672-099ECE6A0EC7}"
EndProject
Project("{9A19103F-16F7-4668-BE54-9A1E7A4F7556}") = "Ural.EntityServices.GenericMySqlEntityService", "Source\Services\Ural.EntityServices.GenericMySqlEntityService\Ural.EntityServices.GenericMySqlEntityService.csproj", "{AC9A7F73-D938-4421-9716-1595D1FCC288}"
EndProject
Project("{9A19103F-16F7-4668-BE54-9A1E7A4F7556}") = "Ural.EntityServices.GenericPostgreSqlEntityService", "Source\Services\Ural.EntityServices.GenericPostgreSqlEntityService\Ural.EntityServices.GenericPostgreSqlEntityService.csproj", "{6D97C66C-AB12-46A1-84BD-C83B717619CF}"
EndProject
Project("{FAE04EC0-301F-11D3-BF4B-00C04F79EFBC}") = "Ural.Common.Helpers", "Source\Common\Ural.Common.Helpers\Ural.Common.Helpers.csproj", "{09B3CD83-0AD4-483E-9940-20258F1470B3}"
EndProject
Global
	GlobalSection(SolutionConfigurationPlatforms) = preSolution
		Debug|Any CPU = Debug|Any CPU
		Release|Any CPU = Release|Any CPU
	EndGlobalSection
	GlobalSection(ProjectConfigurationPlatforms) = postSolution
		{C37A6BAD-447C-4704-8D28-BE21039129CB}.Debug|Any CPU.ActiveCfg = Debug|Any CPU
		{C37A6BAD-447C-4704-8D28-BE21039129CB}.Debug|Any CPU.Build.0 = Debug|Any CPU
		{C37A6BAD-447C-4704-8D28-BE21039129CB}.Release|Any CPU.ActiveCfg = Release|Any CPU
		{C37A6BAD-447C-4704-8D28-BE21039129CB}.Release|Any CPU.Build.0 = Release|Any CPU
		{6C84AA14-7DE9-455B-8A12-3FB3DDDBD111}.Debug|Any CPU.ActiveCfg = Debug|Any CPU
		{6C84AA14-7DE9-455B-8A12-3FB3DDDBD111}.Debug|Any CPU.Build.0 = Debug|Any CPU
		{6C84AA14-7DE9-455B-8A12-3FB3DDDBD111}.Release|Any CPU.ActiveCfg = Release|Any CPU
		{6C84AA14-7DE9-455B-8A12-3FB3DDDBD111}.Release|Any CPU.Build.0 = Release|Any CPU
		{5A6971CF-0C09-4E8B-8F69-E552CC3600A3}.Debug|Any CPU.ActiveCfg = Debug|Any CPU
		{5A6971CF-0C09-4E8B-8F69-E552CC3600A3}.Debug|Any CPU.Build.0 = Debug|Any CPU
		{5A6971CF-0C09-4E8B-8F69-E552CC3600A3}.Release|Any CPU.ActiveCfg = Release|Any CPU
		{5A6971CF-0C09-4E8B-8F69-E552CC3600A3}.Release|Any CPU.Build.0 = Release|Any CPU
		{620AF29A-684D-417D-A004-8F761B44671C}.Debug|Any CPU.ActiveCfg = Debug|Any CPU
		{620AF29A-684D-417D-A004-8F761B44671C}.Debug|Any CPU.Build.0 = Debug|Any CPU
		{620AF29A-684D-417D-A004-8F761B44671C}.Release|Any CPU.ActiveCfg = Release|Any CPU
		{620AF29A-684D-417D-A004-8F761B44671C}.Release|Any CPU.Build.0 = Release|Any CPU
		{F88D2620-6D35-4B67-90D0-F86296FDEB7E}.Debug|Any CPU.ActiveCfg = Debug|Any CPU
		{F88D2620-6D35-4B67-90D0-F86296FDEB7E}.Debug|Any CPU.Build.0 = Debug|Any CPU
		{F88D2620-6D35-4B67-90D0-F86296FDEB7E}.Release|Any CPU.ActiveCfg = Release|Any CPU
		{F88D2620-6D35-4B67-90D0-F86296FDEB7E}.Release|Any CPU.Build.0 = Release|Any CPU
		{7CC6BC6A-0F12-4096-B672-099ECE6A0EC7}.Debug|Any CPU.ActiveCfg = Debug|Any CPU
		{7CC6BC6A-0F12-4096-B672-099ECE6A0EC7}.Debug|Any CPU.Build.0 = Debug|Any CPU
		{7CC6BC6A-0F12-4096-B672-099ECE6A0EC7}.Release|Any CPU.ActiveCfg = Release|Any CPU
		{7CC6BC6A-0F12-4096-B672-099ECE6A0EC7}.Release|Any CPU.Build.0 = Release|Any CPU
		{AC9A7F73-D938-4421-9716-1595D1FCC288}.Debug|Any CPU.ActiveCfg = Debug|Any CPU
		{AC9A7F73-D938-4421-9716-1595D1FCC288}.Debug|Any CPU.Build.0 = Debug|Any CPU
		{AC9A7F73-D938-4421-9716-1595D1FCC288}.Release|Any CPU.ActiveCfg = Release|Any CPU
		{AC9A7F73-D938-4421-9716-1595D1FCC288}.Release|Any CPU.Build.0 = Release|Any CPU
		{6D97C66C-AB12-46A1-84BD-C83B717619CF}.Debug|Any CPU.ActiveCfg = Debug|Any CPU
		{6D97C66C-AB12-46A1-84BD-C83B717619CF}.Debug|Any CPU.Build.0 = Debug|Any CPU
		{6D97C66C-AB12-46A1-84BD-C83B717619CF}.Release|Any CPU.ActiveCfg = Release|Any CPU
		{6D97C66C-AB12-46A1-84BD-C83B717619CF}.Release|Any CPU.Build.0 = Release|Any CPU
		{09B3CD83-0AD4-483E-9940-20258F1470B3}.Debug|Any CPU.ActiveCfg = Debug|Any CPU
		{09B3CD83-0AD4-483E-9940-20258F1470B3}.Debug|Any CPU.Build.0 = Debug|Any CPU
		{09B3CD83-0AD4-483E-9940-20258F1470B3}.Release|Any CPU.ActiveCfg = Release|Any CPU
		{09B3CD83-0AD4-483E-9940-20258F1470B3}.Release|Any CPU.Build.0 = Release|Any CPU
	EndGlobalSection
	GlobalSection(SolutionProperties) = preSolution
		HideSolutionNode = FALSE
	EndGlobalSection
	GlobalSection(NestedProjects) = preSolution
		{B0D03FCE-3371-4AAF-9EA6-8A3E9607174A} = {AB7E6394-7E99-4D10-9BF6-21F4B117DA16}
		{4D553B18-0916-4206-9475-4846CDC45071} = {AB7E6394-7E99-4D10-9BF6-21F4B117DA16}
		{08619110-BD15-4F69-B960-29BB7D4D55CF} = {AB7E6394-7E99-4D10-9BF6-21F4B117DA16}
		{461658B4-D65A-4A21-979A-290019CC3971} = {AB7E6394-7E99-4D10-9BF6-21F4B117DA16}
		{23EA4C15-A186-4D50-B292-E841FF49929F} = {AB7E6394-7E99-4D10-9BF6-21F4B117DA16}
		{C37A6BAD-447C-4704-8D28-BE21039129CB} = {4D553B18-0916-4206-9475-4846CDC45071}
		{6C84AA14-7DE9-455B-8A12-3FB3DDDBD111} = {08619110-BD15-4F69-B960-29BB7D4D55CF}
		{5A6971CF-0C09-4E8B-8F69-E552CC3600A3} = {461658B4-D65A-4A21-979A-290019CC3971}
		{620AF29A-684D-417D-A004-8F761B44671C} = {461658B4-D65A-4A21-979A-290019CC3971}
		{F88D2620-6D35-4B67-90D0-F86296FDEB7E} = {461658B4-D65A-4A21-979A-290019CC3971}
		{7CC6BC6A-0F12-4096-B672-099ECE6A0EC7} = {23EA4C15-A186-4D50-B292-E841FF49929F}
		{AC9A7F73-D938-4421-9716-1595D1FCC288} = {23EA4C15-A186-4D50-B292-E841FF49929F}
		{6D97C66C-AB12-46A1-84BD-C83B717619CF} = {23EA4C15-A186-4D50-B292-E841FF49929F}
		{09B3CD83-0AD4-483E-9940-20258F1470B3} = {B0D03FCE-3371-4AAF-9EA6-8A3E9607174A}
	EndGlobalSection
	GlobalSection(ExtensibilityGlobals) = postSolution
		SolutionGuid = {AB11838B-107B-41A5-BB6C-0D1F50145D32}
	EndGlobalSection
EndGlobal
